// !$*UTF8*$!
{
	archiveVersion = 1;
	classes = {
	};
	objectVersion = 46;
	objects = {

/* Begin PBXBuildFile section */
		9D3A72151EE569CE00281879 /* main.m in Sources */ = {isa = PBXBuildFile; fileRef = 9D3A72141EE569CE00281879 /* main.m */; };
		9D3A72181EE569CE00281879 /* AppDelegate.m in Sources */ = {isa = PBXBuildFile; fileRef = 9D3A72171EE569CE00281879 /* AppDelegate.m */; };
		9D3A721B1EE569CE00281879 /* ViewController.m in Sources */ = {isa = PBXBuildFile; fileRef = 9D3A721A1EE569CE00281879 /* ViewController.m */; };
		9D3A721E1EE569CF00281879 /* Main.storyboard in Resources */ = {isa = PBXBuildFile; fileRef = 9D3A721C1EE569CF00281879 /* Main.storyboard */; };
		9D3A72201EE569CF00281879 /* Assets.xcassets in Resources */ = {isa = PBXBuildFile; fileRef = 9D3A721F1EE569CF00281879 /* Assets.xcassets */; };
		9D3A72231EE569D000281879 /* LaunchScreen.storyboard in Resources */ = {isa = PBXBuildFile; fileRef = 9D3A72211EE569D000281879 /* LaunchScreen.storyboard */; };
		9D3A722E1EE569D100281879 /* testTests.m in Sources */ = {isa = PBXBuildFile; fileRef = 9D3A722D1EE569D100281879 /* testTests.m */; };
		9D3A72391EE569D200281879 /* testUITests.m in Sources */ = {isa = PBXBuildFile; fileRef = 9D3A72381EE569D200281879 /* testUITests.m */; };
/* End PBXBuildFile section */

/* Begin PBXContainerItemProxy section */
		9D3A722A1EE569D000281879 /* PBXContainerItemProxy */ = {
			isa = PBXContainerItemProxy;
			containerPortal = 9D3A72081EE569CD00281879 /* Project object */;
			proxyType = 1;
			remoteGlobalIDString = 9D3A720F1EE569CD00281879;
			remoteInfo = test;
		};
		9D3A72351EE569D100281879 /* PBXContainerItemProxy */ = {
			isa = PBXContainerItemProxy;
			containerPortal = 9D3A72081EE569CD00281879 /* Project object */;
			proxyType = 1;
			remoteGlobalIDString = 9D3A720F1EE569CD00281879;
			remoteInfo = test;
		};
/* End PBXContainerItemProxy section */

/* Begin PBXFileReference section */
		9D3A72101EE569CD00281879 /* test.app */ = {isa = PBXFileReference; explicitFileType = wrapper.application; includeInIndex = 0; path = test.app; sourceTree = BUILT_PRODUCTS_DIR; };
		9D3A72141EE569CE00281879 /* main.m */ = {isa = PBXFileReference; lastKnownFileType = sourcecode.c.objc; path = main.m; sourceTree = "<group>"; };
		9D3A72161EE569CE00281879 /* AppDelegate.h */ = {isa = PBXFileReference; lastKnownFileType = sourcecode.c.h; path = AppDelegate.h; sourceTree = "<group>"; };
		9D3A72171EE569CE00281879 /* AppDelegate.m */ = {isa = PBXFileReference; lastKnownFileType = sourcecode.c.objc; path = AppDelegate.m; sourceTree = "<group>"; };
		9D3A72191EE569CE00281879 /* ViewController.h */ = {isa = PBXFileReference; lastKnownFileType = sourcecode.c.h; path = ViewController.h; sourceTree = "<group>"; };
		9D3A721A1EE569CE00281879 /* ViewController.m */ = {isa = PBXFileReference; lastKnownFileType = sourcecode.c.objc; path = ViewController.m; sourceTree = "<group>"; };
		9D3A721D1EE569CF00281879 /* Base */ = {isa = PBXFileReference; lastKnownFileType = file.storyboard; name = Base; path = Base.lproj/Main.storyboard; sourceTree = "<group>"; };
		9D3A721F1EE569CF00281879 /* Assets.xcassets */ = {isa = PBXFileReference; lastKnownFileType = folder.assetcatalog; path = Assets.xcassets; sourceTree = "<group>"; };
		9D3A72221EE569D000281879 /* Base */ = {isa = PBXFileReference; lastKnownFileType = file.storyboard; name = Base; path = Base.lproj/LaunchScreen.storyboard; sourceTree = "<group>"; };
		9D3A72241EE569D000281879 /* Info.plist */ = {isa = PBXFileReference; lastKnownFileType = text.plist.xml; path = Info.plist; sourceTree = "<group>"; };
		9D3A72291EE569D000281879 /* testTests.xctest */ = {isa = PBXFileReference; explicitFileType = wrapper.cfbundle; includeInIndex = 0; path = testTests.xctest; sourceTree = BUILT_PRODUCTS_DIR; };
		9D3A722D1EE569D100281879 /* testTests.m */ = {isa = PBXFileReference; lastKnownFileType = sourcecode.c.objc; path = testTests.m; sourceTree = "<group>"; };
		9D3A722F1EE569D100281879 /* Info.plist */ = {isa = PBXFileReference; lastKnownFileType = text.plist.xml; path = Info.plist; sourceTree = "<group>"; };
		9D3A72341EE569D100281879 /* testUITests.xctest */ = {isa = PBXFileReference; explicitFileType = wrapper.cfbundle; includeInIndex = 0; path = testUITests.xctest; sourceTree = BUILT_PRODUCTS_DIR; };
		9D3A72381EE569D200281879 /* testUITests.m */ = {isa = PBXFileReference; lastKnownFileType = sourcecode.c.objc; path = testUITests.m; sourceTree = "<group>"; };
		9D3A723A1EE569D200281879 /* Info.plist */ = {isa = PBXFileReference; lastKnownFileType = text.plist.xml; path = Info.plist; sourceTree = "<group>"; };
/* End PBXFileReference section */

/* Begin PBXFrameworksBuildPhase section */
		9D3A720D1EE569CD00281879 /* Frameworks */ = {
			isa = PBXFrameworksBuildPhase;
			buildActionMask = 2147483647;
			files = (
			);
			runOnlyForDeploymentPostprocessing = 0;
		};
		9D3A72261EE569D000281879 /* Frameworks */ = {
			isa = PBXFrameworksBuildPhase;
			buildActionMask = 2147483647;
			files = (
			);
			runOnlyForDeploymentPostprocessing = 0;
		};
		9D3A72311EE569D100281879 /* Frameworks */ = {
			isa = PBXFrameworksBuildPhase;
			buildActionMask = 2147483647;
			files = (
			);
			runOnlyForDeploymentPostprocessing = 0;
		};
/* End PBXFrameworksBuildPhase section */

/* Begin PBXGroup section */
		9D3A72071EE569CD00281879 = {
			isa = PBXGroup;
			children = (
				9D3A72121EE569CE00281879 /* test */,
				9D3A722C1EE569D100281879 /* testTests */,
				9D3A72371EE569D100281879 /* testUITests */,
				9D3A72111EE569CD00281879 /* Products */,
			);
			sourceTree = "<group>";
		};
		9D3A72111EE569CD00281879 /* Products */ = {
			isa = PBXGroup;
			children = (
				9D3A72101EE569CD00281879 /* test.app */,
				9D3A72291EE569D000281879 /* testTests.xctest */,
				9D3A72341EE569D100281879 /* testUITests.xctest */,
			);
			name = Products;
			sourceTree = "<group>";
		};
		9D3A72121EE569CE00281879 /* test */ = {
			isa = PBXGroup;
			children = (
				9D3A72161EE569CE00281879 /* AppDelegate.h */,
				9D3A72171EE569CE00281879 /* AppDelegate.m */,
				9D3A72191EE569CE00281879 /* ViewController.h */,
				9D3A721A1EE569CE00281879 /* ViewController.m */,
				9D3A721C1EE569CF00281879 /* Main.storyboard */,
				9D3A721F1EE569CF00281879 /* Assets.xcassets */,
				9D3A72211EE569D000281879 /* LaunchScreen.storyboard */,
				9D3A72241EE569D000281879 /* Info.plist */,
				9D3A72131EE569CE00281879 /* Supporting Files */,
			);
			path = test;
			sourceTree = "<group>";
		};
		9D3A72131EE569CE00281879 /* Supporting Files */ = {
			isa = PBXGroup;
			children = (
				9D3A72141EE569CE00281879 /* main.m */,
			);
			name = "Supporting Files";
			sourceTree = "<group>";
		};
		9D3A722C1EE569D100281879 /* testTests */ = {
			isa = PBXGroup;
			children = (
				9D3A722D1EE569D100281879 /* testTests.m */,
				9D3A722F1EE569D100281879 /* Info.plist */,
			);
			path = testTests;
			sourceTree = "<group>";
		};
		9D3A72371EE569D100281879 /* testUITests */ = {
			isa = PBXGroup;
			children = (
				9D3A72381EE569D200281879 /* testUITests.m */,
				9D3A723A1EE569D200281879 /* Info.plist */,
			);
			path = testUITests;
			sourceTree = "<group>";
		};
/* End PBXGroup section */

/* Begin PBXNativeTarget section */
		9D3A720F1EE569CD00281879 /* test */ = {
			isa = PBXNativeTarget;
			buildConfigurationList = 9D3A723D1EE569D200281879 /* Build configuration list for PBXNativeTarget "test" */;
			buildPhases = (
				9D3A720C1EE569CD00281879 /* Sources */,
				9D3A720D1EE569CD00281879 /* Frameworks */,
				9D3A720E1EE569CD00281879 /* Resources */,
			);
			buildRules = (
			);
			dependencies = (
			);
			name = test;
			productName = test;
			productReference = 9D3A72101EE569CD00281879 /* test.app */;
			productType = "com.apple.product-type.application";
		};
		9D3A72281EE569D000281879 /* testTests */ = {
			isa = PBXNativeTarget;
			buildConfigurationList = 9D3A72401EE569D200281879 /* Build configuration list for PBXNativeTarget "testTests" */;
			buildPhases = (
				9D3A72251EE569D000281879 /* Sources */,
				9D3A72261EE569D000281879 /* Frameworks */,
				9D3A72271EE569D000281879 /* Resources */,
			);
			buildRules = (
			);
			dependencies = (
				9D3A722B1EE569D000281879 /* PBXTargetDependency */,
			);
			name = testTests;
			productName = testTests;
			productReference = 9D3A72291EE569D000281879 /* testTests.xctest */;
			productType = "com.apple.product-type.bundle.unit-test";
		};
		9D3A72331EE569D100281879 /* testUITests */ = {
			isa = PBXNativeTarget;
			buildConfigurationList = 9D3A72431EE569D200281879 /* Build configuration list for PBXNativeTarget "testUITests" */;
			buildPhases = (
				9D3A72301EE569D100281879 /* Sources */,
				9D3A72311EE569D100281879 /* Frameworks */,
				9D3A72321EE569D100281879 /* Resources */,
			);
			buildRules = (
			);
			dependencies = (
				9D3A72361EE569D100281879 /* PBXTargetDependency */,
			);
			name = testUITests;
			productName = testUITests;
			productReference = 9D3A72341EE569D100281879 /* testUITests.xctest */;
			productType = "com.apple.product-type.bundle.ui-testing";
		};
/* End PBXNativeTarget section */

/* Begin PBXProject section */
		9D3A72081EE569CD00281879 /* Project object */ = {
			isa = PBXProject;
			attributes = {
				LastUpgradeCheck = 0830;
				ORGANIZATIONNAME = Sunny;
				TargetAttributes = {
					9D3A720F1EE569CD00281879 = {
						CreatedOnToolsVersion = 8.3.2;
						DevelopmentTeam = 9Y3J8AB35M;
						ProvisioningStyle = Automatic;
					};
					9D3A72281EE569D000281879 = {
						CreatedOnToolsVersion = 8.3.2;
						DevelopmentTeam = 9Y3J8AB35M;
						ProvisioningStyle = Automatic;
						TestTargetID = 9D3A720F1EE569CD00281879;
					};
					9D3A72331EE569D100281879 = {
						CreatedOnToolsVersion = 8.3.2;
						DevelopmentTeam = 9Y3J8AB35M;
						ProvisioningStyle = Automatic;
						TestTargetID = 9D3A720F1EE569CD00281879;
					};
				};
			};
			buildConfigurationList = 9D3A720B1EE569CD00281879 /* Build configuration list for PBXProject "test" */;
			compatibilityVersion = "Xcode 3.2";
			developmentRegion = English;
			hasScannedForEncodings = 0;
			knownRegions = (
				en,
				Base,
			);
			mainGroup = 9D3A72071EE569CD00281879;
			productRefGroup = 9D3A72111EE569CD00281879 /* Products */;
			projectDirPath = "";
			projectRoot = "";
			targets = (
				9D3A720F1EE569CD00281879 /* test */,
				9D3A72281EE569D000281879 /* testTests */,
				9D3A72331EE569D100281879 /* testUITests */,
			);
		};
/* End PBXProject section */

/* Begin PBXResourcesBuildPhase section */
		9D3A720E1EE569CD00281879 /* Resources */ = {
			isa = PBXResourcesBuildPhase;
			buildActionMask = 2147483647;
			files = (
				9D3A72231EE569D000281879 /* LaunchScreen.storyboard in Resources */,
				9D3A72201EE569CF00281879 /* Assets.xcassets in Resources */,
				9D3A721E1EE569CF00281879 /* Main.storyboard in Resources */,
			);
			runOnlyForDeploymentPostprocessing = 0;
		};
		9D3A72271EE569D000281879 /* Resources */ = {
			isa = PBXResourcesBuildPhase;
			buildActionMask = 2147483647;
			files = (
			);
			runOnlyForDeploymentPostprocessing = 0;
		};
		9D3A72321EE569D100281879 /* Resources */ = {
			isa = PBXResourcesBuildPhase;
			buildActionMask = 2147483647;
			files = (
			);
			runOnlyForDeploymentPostprocessing = 0;
		};
/* End PBXResourcesBuildPhase section */

/* Begin PBXSourcesBuildPhase section */
		9D3A720C1EE569CD00281879 /* Sources */ = {
			isa = PBXSourcesBuildPhase;
			buildActionMask = 2147483647;
			files = (
				9D3A721B1EE569CE00281879 /* ViewController.m in Sources */,
				9D3A72181EE569CE00281879 /* AppDelegate.m in Sources */,
				9D3A72151EE569CE00281879 /* main.m in Sources */,
			);
			runOnlyForDeploymentPostprocessing = 0;
		};
		9D3A72251EE569D000281879 /* Sources */ = {
			isa = PBXSourcesBuildPhase;
			buildActionMask = 2147483647;
			files = (
				9D3A722E1EE569D100281879 /* testTests.m in Sources */,
			);
			runOnlyForDeploymentPostprocessing = 0;
		};
		9D3A72301EE569D100281879 /* Sources */ = {
			isa = PBXSourcesBuildPhase;
			buildActionMask = 2147483647;
			files = (
				9D3A72391EE569D200281879 /* testUITests.m in Sources */,
			);
			runOnlyForDeploymentPostprocessing = 0;
		};
/* End PBXSourcesBuildPhase section */

/* Begin PBXTargetDependency section */
		9D3A722B1EE569D000281879 /* PBXTargetDependency */ = {
			isa = PBXTargetDependency;
			target = 9D3A720F1EE569CD00281879 /* test */;
			targetProxy = 9D3A722A1EE569D000281879 /* PBXContainerItemProxy */;
		};
		9D3A72361EE569D100281879 /* PBXTargetDependency */ = {
			isa = PBXTargetDependency;
			target = 9D3A720F1EE569CD00281879 /* test */;
			targetProxy = 9D3A72351EE569D100281879 /* PBXContainerItemProxy */;
		};
/* End PBXTargetDependency section */

/* Begin PBXVariantGroup section */
		9D3A721C1EE569CF00281879 /* Main.storyboard */ = {
			isa = PBXVariantGroup;
			children = (
				9D3A721D1EE569CF00281879 /* Base */,
			);
			name = Main.storyboard;
			sourceTree = "<group>";
		};
		9D3A72211EE569D000281879 /* LaunchScreen.storyboard */ = {
			isa = PBXVariantGroup;
			children = (
				9D3A72221EE569D000281879 /* Base */,
			);
			name = LaunchScreen.storyboard;
			sourceTree = "<group>";
		};
/* End PBXVariantGroup section */

/* Begin XCBuildConfiguration section */
		9D3A723B1EE569D200281879 /* Debug */ = {
			isa = XCBuildConfiguration;
			buildSettings = {
				ALWAYS_SEARCH_USER_PATHS = NO;
				CLANG_ANALYZER_NONNULL = YES;
				CLANG_ANALYZER_NUMBER_OBJECT_CONVERSION = YES_AGGRESSIVE;
				CLANG_CXX_LANGUAGE_STANDARD = "gnu++0x";
				CLANG_CXX_LIBRARY = "libc++";
				CLANG_ENABLE_MODULES = YES;
				CLANG_ENABLE_OBJC_ARC = YES;
				CLANG_WARN_BOOL_CONVERSION = YES;
				CLANG_WARN_CONSTANT_CONVERSION = YES;
				CLANG_WARN_DIRECT_OBJC_ISA_USAGE = YES_ERROR;
				CLANG_WARN_DOCUMENTATION_COMMENTS = YES;
				CLANG_WARN_EMPTY_BODY = YES;
				CLANG_WARN_ENUM_CONVERSION = YES;
				CLANG_WARN_INFINITE_RECURSION = YES;
				CLANG_WARN_INT_CONVERSION = YES;
				CLANG_WARN_OBJC_ROOT_CLASS = YES_ERROR;
				CLANG_WARN_SUSPICIOUS_MOVE = YES;
				CLANG_WARN_UNREACHABLE_CODE = YES;
				CLANG_WARN__DUPLICATE_METHOD_MATCH = YES;
				"CODE_SIGN_IDENTITY[sdk=iphoneos*]" = "iPhone Developer";
				COPY_PHASE_STRIP = NO;
				DEBUG_INFORMATION_FORMAT = dwarf;
				ENABLE_STRICT_OBJC_MSGSEND = YES;
				ENABLE_TESTABILITY = YES;
				GCC_C_LANGUAGE_STANDARD = gnu99;
				GCC_DYNAMIC_NO_PIC = NO;
				GCC_NO_COMMON_BLOCKS = YES;
				GCC_OPTIMIZATION_LEVEL = 0;
				GCC_PREPROCESSOR_DEFINITIONS = (
					"DEBUG=1",
					"$(inherited)",
				);
				GCC_WARN_64_TO_32_BIT_CONVERSION = YES;
				GCC_WARN_ABOUT_RETURN_TYPE = YES_ERROR;
				GCC_WARN_UNDECLARED_SELECTOR = YES;
				GCC_WARN_UNINITIALIZED_AUTOS = YES_AGGRESSIVE;
				GCC_WARN_UNUSED_FUNCTION = YES;
				GCC_WARN_UNUSED_VARIABLE = YES;
				IPHONEOS_DEPLOYMENT_TARGET = 10.3;
				MTL_ENABLE_DEBUG_INFO = YES;
				ONLY_ACTIVE_ARCH = YES;
				SDKROOT = iphoneos;
			};
			name = Debug;
		};
		9D3A723C1EE569D200281879 /* Release */ = {
			isa = XCBuildConfiguration;
			buildSettings = {
				ALWAYS_SEARCH_USER_PATHS = NO;
				CLANG_ANALYZER_NONNULL = YES;
				CLANG_ANALYZER_NUMBER_OBJECT_CONVERSION = YES_AGGRESSIVE;
				CLANG_CXX_LANGUAGE_STANDARD = "gnu++0x";
				CLANG_CXX_LIBRARY = "libc++";
				CLANG_ENABLE_MODULES = YES;
				CLANG_ENABLE_OBJC_ARC = YES;
				CLANG_WARN_BOOL_CONVERSION = YES;
				CLANG_WARN_CONSTANT_CONVERSION = YES;
				CLANG_WARN_DIRECT_OBJC_ISA_USAGE = YES_ERROR;
				CLANG_WARN_DOCUMENTATION_COMMENTS = YES;
				CLANG_WARN_EMPTY_BODY = YES;
				CLANG_WARN_ENUM_CONVERSION = YES;
				CLANG_WARN_INFINITE_RECURSION = YES;
				CLANG_WARN_INT_CONVERSION = YES;
				CLANG_WARN_OBJC_ROOT_CLASS = YES_ERROR;
				CLANG_WARN_SUSPICIOUS_MOVE = YES;
				CLANG_WARN_UNREACHABLE_CODE = YES;
				CLANG_WARN__DUPLICATE_METHOD_MATCH = YES;
				"CODE_SIGN_IDENTITY[sdk=iphoneos*]" = "iPhone Developer";
				COPY_PHASE_STRIP = NO;
				DEBUG_INFORMATION_FORMAT = "dwarf-with-dsym";
				ENABLE_NS_ASSERTIONS = NO;
				ENABLE_STRICT_OBJC_MSGSEND = YES;
				GCC_C_LANGUAGE_STANDARD = gnu99;
				GCC_NO_COMMON_BLOCKS = YES;
				GCC_WARN_64_TO_32_BIT_CONVERSION = YES;
				GCC_WARN_ABOUT_RETURN_TYPE = YES_ERROR;
				GCC_WARN_UNDECLARED_SELECTOR = YES;
				GCC_WARN_UNINITIALIZED_AUTOS = YES_AGGRESSIVE;
				GCC_WARN_UNUSED_FUNCTION = YES;
				GCC_WARN_UNUSED_VARIABLE = YES;
				IPHONEOS_DEPLOYMENT_TARGET = 10.3;
				MTL_ENABLE_DEBUG_INFO = NO;
				SDKROOT = iphoneos;
				VALIDATE_PRODUCT = YES;
			};
			name = Release;
		};
		9D3A723E1EE569D200281879 /* Debug */ = {
			isa = XCBuildConfiguration;
			buildSettings = {
				ASSETCATALOG_COMPILER_APPICON_NAME = AppIcon;
				DEVELOPMENT_TEAM = 9Y3J8AB35M;
				INFOPLIST_FILE = test/Info.plist;
				LD_RUNPATH_SEARCH_PATHS = "$(inherited) @executable_path/Frameworks";
				PRODUCT_BUNDLE_IDENTIFIER = com.test;
				PRODUCT_NAME = "$(TARGET_NAME)";
			};
			name = Debug;
		};
		9D3A723F1EE569D200281879 /* Release */ = {
			isa = XCBuildConfiguration;
			buildSettings = {
				ASSETCATALOG_COMPILER_APPICON_NAME = AppIcon;
				DEVELOPMENT_TEAM = 9Y3J8AB35M;
				INFOPLIST_FILE = test/Info.plist;
				LD_RUNPATH_SEARCH_PATHS = "$(inherited) @executable_path/Frameworks";
				PRODUCT_BUNDLE_IDENTIFIER = com.test;
				PRODUCT_NAME = "$(TARGET_NAME)";
			};
			name = Release;
		};
		9D3A72411EE569D200281879 /* Debug */ = {
			isa = XCBuildConfiguration;
			buildSettings = {
				BUNDLE_LOADER = "$(TEST_HOST)";
				DEVELOPMENT_TEAM = 9Y3J8AB35M;
				INFOPLIST_FILE = testTests/Info.plist;
				LD_RUNPATH_SEARCH_PATHS = "$(inherited) @executable_path/Frameworks @loader_path/Frameworks";
				PRODUCT_BUNDLE_IDENTIFIER = com.testTests;
				PRODUCT_NAME = "$(TARGET_NAME)";
				TEST_HOST = "$(BUILT_PRODUCTS_DIR)/test.app/test";
			};
			name = Debug;
		};
		9D3A72421EE569D200281879 /* Release */ = {
			isa = XCBuildConfiguration;
			buildSettings = {
				BUNDLE_LOADER = "$(TEST_HOST)";
				DEVELOPMENT_TEAM = 9Y3J8AB35M;
				INFOPLIST_FILE = testTests/Info.plist;
				LD_RUNPATH_SEARCH_PATHS = "$(inherited) @executable_path/Frameworks @loader_path/Frameworks";
				PRODUCT_BUNDLE_IDENTIFIER = com.testTests;
				PRODUCT_NAME = "$(TARGET_NAME)";
				TEST_HOST = "$(BUILT_PRODUCTS_DIR)/test.app/test";
			};
			name = Release;
		};
		9D3A72441EE569D200281879 /* Debug */ = {
			isa = XCBuildConfiguration;
			buildSettings = {
				DEVELOPMENT_TEAM = 9Y3J8AB35M;
				INFOPLIST_FILE = testUITests/Info.plist;
				LD_RUNPATH_SEARCH_PATHS = "$(inherited) @executable_path/Frameworks @loader_path/Frameworks";
				PRODUCT_BUNDLE_IDENTIFIER = com.testUITests;
				PRODUCT_NAME = "$(TARGET_NAME)";
				TEST_TARGET_NAME = test;
			};
			name = Debug;
		};
		9D3A72451EE569D200281879 /* Release */ = {
			isa = XCBuildConfiguration;
			buildSettings = {
				DEVELOPMENT_TEAM = 9Y3J8AB35M;
				INFOPLIST_FILE = testUITests/Info.plist;
				LD_RUNPATH_SEARCH_PATHS = "$(inherited) @executable_path/Frameworks @loader_path/Frameworks";
				PRODUCT_BUNDLE_IDENTIFIER = com.testUITests;
				PRODUCT_NAME = "$(TARGET_NAME)";
				TEST_TARGET_NAME = test;
			};
			name = Release;
		};
/* End XCBuildConfiguration section */

/* Begin XCConfigurationList section */
		9D3A720B1EE569CD00281879 /* Build configuration list for PBXProject "test" */ = {
			isa = XCConfigurationList;
			buildConfigurations = (
				9D3A723B1EE569D200281879 /* Debug */,
				9D3A723C1EE569D200281879 /* Release */,
			);
			defaultConfigurationIsVisible = 0;
			defaultConfigurationName = Release;
		};
		9D3A723D1EE569D200281879 /* Build configuration list for PBXNativeTarget "test" */ = {
			isa = XCConfigurationList;
			buildConfigurations = (
				9D3A723E1EE569D200281879 /* Debug */,
				9D3A723F1EE569D200281879 /* Release */,
			);
			defaultConfigurationIsVisible = 0;
		};
		9D3A72401EE569D200281879 /* Build configuration list for PBXNativeTarget "testTests" */ = {
			isa = XCConfigurationList;
			buildConfigurations = (
				9D3A72411EE569D200281879 /* Debug */,
				9D3A72421EE569D200281879 /* Release */,
			);
			defaultConfigurationIsVisible = 0;
		};
		9D3A72431EE569D200281879 /* Build configuration list for PBXNativeTarget "testUITests" */ = {
			isa = XCConfigurationList;
			buildConfigurations = (
				9D3A72441EE569D200281879 /* Debug */,
				9D3A72451EE569D200281879 /* Release */,
			);
			defaultConfigurationIsVisible = 0;
		};
/* End XCConfigurationList section */
	};
	rootObject = 9D3A72081EE569CD00281879 /* Project object */;
}
